
Microsoft Visual Studio Solution File, Format Version 12.00
# Visual Studio Version 17
VisualStudioVersion = 17.5.33502.453
MinimumVisualStudioVersion = 10.0.40219.1
Project("{FAE04EC0-301F-11D3-BF4B-00C04F79EFBC}") = "WellWiseCR", "WellWiseCR.csproj", "{49843DBC-D4D7-4551-B270-D548CFF94501}"
EndProject
Global
	GlobalSection(SolutionConfigurationPlatforms) = preSolution
		Debug|Any CPU = Debug|Any CPU
		Release|Any CPU = Release|Any CPU
	EndGlobalSection
	GlobalSection(ProjectConfigurationPlatforms) = postSolution
		{49843DBC-D4D7-4551-B270-D548CFF94501}.Debug|Any CPU.ActiveCfg = Debug|Any CPU
		{49843DBC-D4D7-4551-B270-D548CFF94501}.Debug|Any CPU.Build.0 = Debug|Any CPU
		{49843DBC-D4D7-4551-B270-D548CFF94501}.Release|Any CPU.ActiveCfg = Release|Any CPU
		{49843DBC-D4D7-4551-B270-D548CFF94501}.Release|Any CPU.Build.0 = Release|Any CPU
	EndGlobalSection
	GlobalSection(SolutionProperties) = preSolution
		HideSolutionNode = FALSE
	EndGlobalSection
	GlobalSection(ExtensibilityGlobals) = postSolution
		SolutionGuid = {C76E4C0E-3A0E-45B8-9076-A6EC619E00BE}
	EndGlobalSection
EndGlobal
